{
    "_readme": [
        "This file locks the dependencies of your project to a known state",
        "Read more about it at https://getcomposer.org/doc/01-basic-usage.md#installing-dependencies",
        "This file is @generated automatically"
    ],
    "content-hash": "0beda6562080166165fd376cccf1e4ec",
    "packages": [
        {
            "require": {
                "php": ">=7.1.0"
            },
            "require-dev": {
                "guzzlehttp/guzzle": "^6.3 || ^7.0",
                "phpunit/phpunit": ">=7.0 < 10"
            },
            "notification-url": "https://packagist.org/downloads/",
            "license": [
                "MIT"
            ],
            "support": {
                "issues": "https://github.com/twilio/twilio-php/issues",
                "source": "https://github.com/twilio/twilio-php/tree/8.2.2"
            },
            "time": "2024-07-02T09:32:09+00:00"
        }
    ],
    "packages-dev": [],
    "aliases": [],
    "minimum-stability": "stable",
    "stability-flags": [],
    "prefer-stable": false,
    "prefer-lowest": false,
    "platform": {
        "php": ">=7.3"
    },
    "platform-dev": [],
    "plugin-api-version": "2.6.0"
}
